{
  "name": "Class",
  "lockfileVersion": 3,
  "requires": true,
  "packages": {
    "": {
      "dependencies": {
        "@microsoft/applicationinsights-web": "^2.8.10",
        "@microsoft/applicationinsights-web-basic": "^2.8.10"
      }
    },
    "node_modules/@microsoft/applicationinsights-analytics-js": {
      "version": "2.8.10",
      "resolved": "https://registry.npmjs.org/@microsoft/applicationinsights-analytics-js/-/applicationinsights-analytics-js-2.8.10.tgz",
      "integrity": "sha512-JugJ3oXnKZuxeJSsFYNKyGiwaQ5Or5Z8n6aGiyngi38QJ/wcbiI9p71gK1dntJ6V2hB78zhbXvUim9TLXagfbQ==",
      "dependencies": {
        "@microsoft/applicationinsights-common": "2.8.10",
        "@microsoft/applicationinsights-core-js": "2.8.10",
        "@microsoft/applicationinsights-shims": "2.0.2",
        "@microsoft/dynamicproto-js": "^1.1.7"
      },
      "peerDependencies": {
        "tslib": "*"
      }
    },
    "node_modules/@microsoft/applicationinsights-channel-js": {
      "version": "2.8.10",
      "resolved": "https://registry.npmjs.org/@microsoft/applicationinsights-channel-js/-/applicationinsights-channel-js-2.8.10.tgz",
      "integrity": "sha512-jXEUw3+U6WABygDOjEIlCLsniUpPqH5d/1Rfj1MVWMW6FFZo1vvYZoziOqb+dWWn41Dn5GF4EgXnvsfdkpz29w==",
      "dependencies": {
        "@microsoft/applicationinsights-common": "2.8.10",
        "@microsoft/applicationinsights-core-js": "2.8.10",
        "@microsoft/applicationinsights-shims": "2.0.2",
        "@microsoft/dynamicproto-js": "^1.1.7"
      },
      "peerDependencies": {
        "tslib": "*"
      }
    },
    "node_modules/@microsoft/applicationinsights-common": {
      "version": "2.8.10",
      "resolved": "https://registry.npmjs.org/@microsoft/applicationinsights-common/-/applicationinsights-common-2.8.10.tgz",
      "integrity": "sha512-wXji97I1eANL5PG8RxZ/st+HCwKgAB1uySSxEvVNj3VcOiUyTYTtBYYEK2xhjBGR49+A2/fIJQHvu1ygco2b3Q==",
      "dependencies": {
        "@microsoft/applicationinsights-core-js": "2.8.10",
        "@microsoft/applicationinsights-shims": "2.0.2",
        "@microsoft/dynamicproto-js": "^1.1.7"
      },
      "peerDependencies": {
        "tslib": "*"
      }
    },
    "node_modules/@microsoft/applicationinsights-core-js": {
      "version": "2.8.10",
      "resolved": "https://registry.npmjs.org/@microsoft/applicationinsights-core-js/-/applicationinsights-core-js-2.8.10.tgz",
      "integrity": "sha512-jQrufDW0+sV8fBhRvzIPNGiCC6dELH+Ug0DM5CfN9757TBqZJz8CSWyDjex39as8+jD0F/8HRU9QdmrVgq5vFg==",
      "dependencies": {
        "@microsoft/applicationinsights-shims": "2.0.2",
        "@microsoft/dynamicproto-js": "^1.1.7"
      },
      "peerDependencies": {
        "tslib": "*"
      }
    },
    "node_modules/@microsoft/applicationinsights-dependencies-js": {
      "version": "2.8.10",
      "resolved": "https://registry.npmjs.org/@microsoft/applicationinsights-dependencies-js/-/applicationinsights-dependencies-js-2.8.10.tgz",
      "integrity": "sha512-vBsFdQ6yaVfs8Sacw4/QWzlU2lDcXUeSJ2ZHqCuLyyUA4oUgEefEJdr1XMK5O7HCKFKU1kBACuyETu0SN8m+NQ==",
      "dependencies": {
        "@microsoft/applicationinsights-common": "2.8.10",
        "@microsoft/applicationinsights-core-js": "2.8.10",
        "@microsoft/applicationinsights-shims": "2.0.2",
        "@microsoft/dynamicproto-js": "^1.1.7"
      },
      "peerDependencies": {
        "tslib": "*"
      }
    },
    "node_modules/@microsoft/applicationinsights-properties-js": {
      "version": "2.8.10",
      "resolved": "https://registry.npmjs.org/@microsoft/applicationinsights-properties-js/-/applicationinsights-properties-js-2.8.10.tgz",
      "integrity": "sha512-f7+U4n3RX1qoh0Vt/o7EegYRfMWzfGxYCJDZKB5qxNInqEgoXosGUCc1pZSnk7B4Urc8QJwWn3iQrg2Ib+JMFw==",
      "dependencies": {
        "@microsoft/applicationinsights-common": "2.8.10",
        "@microsoft/applicationinsights-core-js": "2.8.10",
        "@microsoft/applicationinsights-shims": "2.0.2",
        "@microsoft/dynamicproto-js": "^1.1.7"
      },
      "peerDependencies": {
        "tslib": "*"
      }
    },
    "node_modules/@microsoft/applicationinsights-shims": {
      "version": "2.0.2",
      "resolved": "https://registry.npmjs.org/@microsoft/applicationinsights-shims/-/applicationinsights-shims-2.0.2.tgz",
      "integrity": "sha512-PoHEgsnmcqruLNHZ/amACqdJ6YYQpED0KSRe6J7gIJTtpZC1FfFU9b1fmDKDKtFoUSrPzEh1qzO3kmRZP0betg=="
    },
    "node_modules/@microsoft/applicationinsights-web": {
      "version": "2.8.10",
      "resolved": "https://registry.npmjs.org/@microsoft/applicationinsights-web/-/applicationinsights-web-2.8.10.tgz",
      "integrity": "sha512-91FsmjAhDmD+CzwckiW1+dI3U1EgXsPnduGxukIBv2xTIsL1aUfIzW3j2Qmjn8ABblowRkDEpUf7KFnPwRpMSw==",
      "dependencies": {
        "@microsoft/applicationinsights-analytics-js": "2.8.10",
        "@microsoft/applicationinsights-channel-js": "2.8.10",
        "@microsoft/applicationinsights-common": "2.8.10",
        "@microsoft/applicationinsights-core-js": "2.8.10",
        "@microsoft/applicationinsights-dependencies-js": "2.8.10",
        "@microsoft/applicationinsights-properties-js": "2.8.10",
        "@microsoft/applicationinsights-shims": "2.0.2",
        "@microsoft/dynamicproto-js": "^1.1.7"
      },
      "peerDependencies": {
        "tslib": "*"
      }
    },
    "node_modules/@microsoft/applicationinsights-web-basic": {
      "version": "2.8.10",
      "resolved": "https://registry.npmjs.org/@microsoft/applicationinsights-web-basic/-/applicationinsights-web-basic-2.8.10.tgz",
      "integrity": "sha512-Iay9y4eYxcX5vIrqbAuOx51hCqABopiQljGQjdxKO/aEET1nHrOxXxcrTUYGUJF/aYoR3+RxaiFcqcuujLPiOg==",
      "dependencies": {
        "@microsoft/applicationinsights-channel-js": "2.8.10",
        "@microsoft/applicationinsights-common": "2.8.10",
        "@microsoft/applicationinsights-core-js": "2.8.10",
        "@microsoft/applicationinsights-shims": "2.0.2",
        "@microsoft/dynamicproto-js": "^1.1.7"
      },
      "peerDependencies": {
        "tslib": "*"
      }
    },
    "node_modules/@microsoft/dynamicproto-js": {
      "version": "1.1.7",
      "resolved": "https://registry.npmjs.org/@microsoft/dynamicproto-js/-/dynamicproto-js-1.1.7.tgz",
      "integrity": "sha512-SK3D3aVt+5vOOccKPnGaJWB5gQ8FuKfjboUJHedMP7gu54HqSCXX5iFXhktGD8nfJb0Go30eDvs/UDoTnR2kOA=="
    },
    "node_modules/tslib": {
      "version": "2.5.0",
      "resolved": "https://registry.npmjs.org/tslib/-/tslib-2.5.0.tgz",
      "integrity": "sha512-336iVw3rtn2BUK7ORdIAHTyxHGRIHVReokCR3XjbckJMK7ms8FysBfhLR8IXnAgy7T0PTPNBWKiH514FOW/WSg==",
      "peer": true
    }
  }
}
